
Microsoft Visual Studio Solution File, Format Version 12.00
# Visual Studio Version 17
VisualStudioVersion = 17.0.32112.339
MinimumVisualStudioVersion = 10.0.40219.1
Project("{9A19103F-16F7-4668-BE54-9A1E7A4F7556}") = "Dtail_EasyCollector", "Dtail_EasyCollector\Dtail_EasyCollector.csproj", "{FE5F3921-AB33-4FD6-B3B7-D1A4A797BDFA}"
EndProject
Project("{FAE04EC0-301F-11D3-BF4B-00C04F79EFBC}") = "Dtail_EasyCollector_UI", "Dtail_EasyCollector_UI\Dtail_EasyCollector_UI.csproj", "{A48BDCB5-10CB-499A-8A15-228C080538C8}"
EndProject
Global
	GlobalSection(SolutionConfigurationPlatforms) = preSolution
		Debug|Any CPU = Debug|Any CPU
		Release|Any CPU = Release|Any CPU
	EndGlobalSection
	GlobalSection(ProjectConfigurationPlatforms) = postSolution
		{FE5F3921-AB33-4FD6-B3B7-D1A4A797BDFA}.Debug|Any CPU.ActiveCfg = Debug|Any CPU
		{FE5F3921-AB33-4FD6-B3B7-D1A4A797BDFA}.Debug|Any CPU.Build.0 = Debug|Any CPU
		{FE5F3921-AB33-4FD6-B3B7-D1A4A797BDFA}.Release|Any CPU.ActiveCfg = Release|Any CPU
		{FE5F3921-AB33-4FD6-B3B7-D1A4A797BDFA}.Release|Any CPU.Build.0 = Release|Any CPU
		{A48BDCB5-10CB-499A-8A15-228C080538C8}.Debug|Any CPU.ActiveCfg = Debug|Any CPU
		{A48BDCB5-10CB-499A-8A15-228C080538C8}.Debug|Any CPU.Build.0 = Debug|Any CPU
		{A48BDCB5-10CB-499A-8A15-228C080538C8}.Release|Any CPU.ActiveCfg = Release|Any CPU
		{A48BDCB5-10CB-499A-8A15-228C080538C8}.Release|Any CPU.Build.0 = Release|Any CPU
	EndGlobalSection
	GlobalSection(SolutionProperties) = preSolution
		HideSolutionNode = FALSE
	EndGlobalSection
	GlobalSection(ExtensibilityGlobals) = postSolution
		SolutionGuid = {23B4042D-7658-4233-B11E-9781371D1AEB}
	EndGlobalSection
EndGlobal
